// !$*UTF8*$!
{
	archiveVersion = 1;
	classes = {
	};
	objectVersion = 52;
	objects = {

/* Begin PBXBuildFile section */
		6A98EE1E26EA255600CA0250 /* MainProtocol.swift in Sources */ = {isa = PBXBuildFile; fileRef = 6A98EE1D26EA255600CA0250 /* MainProtocol.swift */; };
		6A98EE2626EA3AE300CA0250 /* MainCollectionViewCell.swift in Sources */ = {isa = PBXBuildFile; fileRef = 6A98EE2526EA3AE300CA0250 /* MainCollectionViewCell.swift */; };
		6A98EE3426EA463900CA0250 /* Movies.swift in Sources */ = {isa = PBXBuildFile; fileRef = 6A98EE3326EA463900CA0250 /* Movies.swift */; };
		6A98EE3926EA465300CA0250 /* Result.swift in Sources */ = {isa = PBXBuildFile; fileRef = 6A98EE3826EA465300CA0250 /* Result.swift */; };
		6A98EE3E26EA804300CA0250 /* Detail.storyboard in Resources */ = {isa = PBXBuildFile; fileRef = 6A98EE3D26EA804300CA0250 /* Detail.storyboard */; };
		6A98EE4326EA847500CA0250 /* DetailViewController.swift in Sources */ = {isa = PBXBuildFile; fileRef = 6A98EE4226EA847500CA0250 /* DetailViewController.swift */; };
		6A98EE4826EA84D900CA0250 /* DetailViewModel.swift in Sources */ = {isa = PBXBuildFile; fileRef = 6A98EE4726EA84D900CA0250 /* DetailViewModel.swift */; };
		6A98EE4F26EA85A400CA0250 /* Detail.swift in Sources */ = {isa = PBXBuildFile; fileRef = 6A98EE4E26EA85A400CA0250 /* Detail.swift */; };
		6A98EE5726EA85CA00CA0250 /* Genre.swift in Sources */ = {isa = PBXBuildFile; fileRef = 6A98EE5626EA85CA00CA0250 /* Genre.swift */; };
		6A98EE6026EA9CB400CA0250 /* CoreDataStack.swift in Sources */ = {isa = PBXBuildFile; fileRef = 6A98EE5F26EA9CB400CA0250 /* CoreDataStack.swift */; };
		6A98EE6826EA9D2100CA0250 /* FavoriteMovie.swift in Sources */ = {isa = PBXBuildFile; fileRef = 6A98EE6726EA9D2100CA0250 /* FavoriteMovie.swift */; };
		6A98EE7026EA9F8300CA0250 /* FavoriteMovie+CoreDataProperties.swift in Sources */ = {isa = PBXBuildFile; fileRef = 6A98EE6F26EA9F8300CA0250 /* FavoriteMovie+CoreDataProperties.swift */; };
		6A98EE7526EAE32D00CA0250 /* HandleFavoriteMovie.swift in Sources */ = {isa = PBXBuildFile; fileRef = 6A98EE7426EAE32D00CA0250 /* HandleFavoriteMovie.swift */; };
		6AC6227F26E9177E00DC48E3 /* AppDelegate.swift in Sources */ = {isa = PBXBuildFile; fileRef = 6AC6227E26E9177E00DC48E3 /* AppDelegate.swift */; };
		6AC6228126E9177E00DC48E3 /* SceneDelegate.swift in Sources */ = {isa = PBXBuildFile; fileRef = 6AC6228026E9177E00DC48E3 /* SceneDelegate.swift */; };
		6AC6228326E9177E00DC48E3 /* MainViewController.swift in Sources */ = {isa = PBXBuildFile; fileRef = 6AC6228226E9177E00DC48E3 /* MainViewController.swift */; };
		6AC6228626E9177E00DC48E3 /* Main.storyboard in Resources */ = {isa = PBXBuildFile; fileRef = 6AC6228426E9177E00DC48E3 /* Main.storyboard */; };
		6AC6228926E9177E00DC48E3 /* MoviesMVVM.xcdatamodeld in Sources */ = {isa = PBXBuildFile; fileRef = 6AC6228726E9177E00DC48E3 /* MoviesMVVM.xcdatamodeld */; };
		6AC6228B26E9178000DC48E3 /* Assets.xcassets in Resources */ = {isa = PBXBuildFile; fileRef = 6AC6228A26E9178000DC48E3 /* Assets.xcassets */; };
		6AC6228E26E9178000DC48E3 /* LaunchScreen.storyboard in Resources */ = {isa = PBXBuildFile; fileRef = 6AC6228C26E9178000DC48E3 /* LaunchScreen.storyboard */; };
		6AC6229926E9178000DC48E3 /* MoviesMVVMTests.swift in Sources */ = {isa = PBXBuildFile; fileRef = 6AC6229826E9178000DC48E3 /* MoviesMVVMTests.swift */; };
		6AC622A426E9178000DC48E3 /* MoviesMVVMUITests.swift in Sources */ = {isa = PBXBuildFile; fileRef = 6AC622A326E9178000DC48E3 /* MoviesMVVMUITests.swift */; };
		6AC622CF26E91E7400DC48E3 /* Model.swift in Sources */ = {isa = PBXBuildFile; fileRef = 6AC622CE26E91E7400DC48E3 /* Model.swift */; };
		6AC622E126E91F5F00DC48E3 /* Alamofire in Frameworks */ = {isa = PBXBuildFile; productRef = 6AC622E026E91F5F00DC48E3 /* Alamofire */; };
		6AC622E726E9201F00DC48E3 /* Kingfisher in Frameworks */ = {isa = PBXBuildFile; productRef = 6AC622E626E9201F00DC48E3 /* Kingfisher */; };
		6AC622ED26E9205500DC48E3 /* HttpError.swift in Sources */ = {isa = PBXBuildFile; fileRef = 6AC622EC26E9205500DC48E3 /* HttpError.swift */; };
		6AC622F226E9206700DC48E3 /* Http.swift in Sources */ = {isa = PBXBuildFile; fileRef = 6AC622F126E9206700DC48E3 /* Http.swift */; };
		6AC622F726E920E900DC48E3 /* HttpGet.swift in Sources */ = {isa = PBXBuildFile; fileRef = 6AC622F626E920E900DC48E3 /* HttpGet.swift */; };
		6AC6230526E9220300DC48E3 /* Constants.swift in Sources */ = {isa = PBXBuildFile; fileRef = 6AC6230426E9220300DC48E3 /* Constants.swift */; };
		6AC6230E26E9226F00DC48E3 /* DataExtension.swift in Sources */ = {isa = PBXBuildFile; fileRef = 6AC6230D26E9226F00DC48E3 /* DataExtension.swift */; };
		6AC6231926E934F000DC48E3 /* MainViewModel.swift in Sources */ = {isa = PBXBuildFile; fileRef = 6AC6231826E934F000DC48E3 /* MainViewModel.swift */; };
/* End PBXBuildFile section */

/* Begin PBXContainerItemProxy section */
		6AC6229526E9178000DC48E3 /* PBXContainerItemProxy */ = {
			isa = PBXContainerItemProxy;
			containerPortal = 6AC6227326E9177E00DC48E3 /* Project object */;
			proxyType = 1;
			remoteGlobalIDString = 6AC6227A26E9177E00DC48E3;
			remoteInfo = MoviesMVVM;
		};
		6AC622A026E9178000DC48E3 /* PBXContainerItemProxy */ = {
			isa = PBXContainerItemProxy;
			containerPortal = 6AC6227326E9177E00DC48E3 /* Project object */;
			proxyType = 1;
			remoteGlobalIDString = 6AC6227A26E9177E00DC48E3;
			remoteInfo = MoviesMVVM;
		};
/* End PBXContainerItemProxy section */

/* Begin PBXFileReference section */
		6A98EE1D26EA255600CA0250 /* MainProtocol.swift */ = {isa = PBXFileReference; lastKnownFileType = sourcecode.swift; path = MainProtocol.swift; sourceTree = "<group>"; };
		6A98EE2526EA3AE300CA0250 /* MainCollectionViewCell.swift */ = {isa = PBXFileReference; lastKnownFileType = sourcecode.swift; path = MainCollectionViewCell.swift; sourceTree = "<group>"; };
		6A98EE3326EA463900CA0250 /* Movies.swift */ = {isa = PBXFileReference; lastKnownFileType = sourcecode.swift; path = Movies.swift; sourceTree = "<group>"; };
		6A98EE3826EA465300CA0250 /* Result.swift */ = {isa = PBXFileReference; lastKnownFileType = sourcecode.swift; path = Result.swift; sourceTree = "<group>"; };
		6A98EE3D26EA804300CA0250 /* Detail.storyboard */ = {isa = PBXFileReference; lastKnownFileType = file.storyboard; path = Detail.storyboard; sourceTree = "<group>"; };
		6A98EE4226EA847500CA0250 /* DetailViewController.swift */ = {isa = PBXFileReference; lastKnownFileType = sourcecode.swift; path = DetailViewController.swift; sourceTree = "<group>"; };
		6A98EE4726EA84D900CA0250 /* DetailViewModel.swift */ = {isa = PBXFileReference; lastKnownFileType = sourcecode.swift; path = DetailViewModel.swift; sourceTree = "<group>"; };
		6A98EE4E26EA85A400CA0250 /* Detail.swift */ = {isa = PBXFileReference; lastKnownFileType = sourcecode.swift; path = Detail.swift; sourceTree = "<group>"; };
		6A98EE5626EA85CA00CA0250 /* Genre.swift */ = {isa = PBXFileReference; lastKnownFileType = sourcecode.swift; path = Genre.swift; sourceTree = "<group>"; };
		6A98EE5F26EA9CB400CA0250 /* CoreDataStack.swift */ = {isa = PBXFileReference; lastKnownFileType = sourcecode.swift; path = CoreDataStack.swift; sourceTree = "<group>"; };
		6A98EE6726EA9D2100CA0250 /* FavoriteMovie.swift */ = {isa = PBXFileReference; lastKnownFileType = sourcecode.swift; path = FavoriteMovie.swift; sourceTree = "<group>"; };
		6A98EE6F26EA9F8300CA0250 /* FavoriteMovie+CoreDataProperties.swift */ = {isa = PBXFileReference; lastKnownFileType = sourcecode.swift; path = "FavoriteMovie+CoreDataProperties.swift"; sourceTree = "<group>"; };
		6A98EE7426EAE32D00CA0250 /* HandleFavoriteMovie.swift */ = {isa = PBXFileReference; lastKnownFileType = sourcecode.swift; path = HandleFavoriteMovie.swift; sourceTree = "<group>"; };
		6AC6227B26E9177E00DC48E3 /* MoviesMVVM.app */ = {isa = PBXFileReference; explicitFileType = wrapper.application; includeInIndex = 0; path = MoviesMVVM.app; sourceTree = BUILT_PRODUCTS_DIR; };
		6AC6227E26E9177E00DC48E3 /* AppDelegate.swift */ = {isa = PBXFileReference; lastKnownFileType = sourcecode.swift; path = AppDelegate.swift; sourceTree = "<group>"; };
		6AC6228026E9177E00DC48E3 /* SceneDelegate.swift */ = {isa = PBXFileReference; lastKnownFileType = sourcecode.swift; path = SceneDelegate.swift; sourceTree = "<group>"; };
		6AC6228226E9177E00DC48E3 /* MainViewController.swift */ = {isa = PBXFileReference; lastKnownFileType = sourcecode.swift; path = MainViewController.swift; sourceTree = "<group>"; };
		6AC6228526E9177E00DC48E3 /* Base */ = {isa = PBXFileReference; lastKnownFileType = file.storyboard; name = Base; path = Base.lproj/Main.storyboard; sourceTree = "<group>"; };
		6AC6228826E9177E00DC48E3 /* MoviesMVVM.xcdatamodel */ = {isa = PBXFileReference; lastKnownFileType = wrapper.xcdatamodel; path = MoviesMVVM.xcdatamodel; sourceTree = "<group>"; };
		6AC6228A26E9178000DC48E3 /* Assets.xcassets */ = {isa = PBXFileReference; lastKnownFileType = folder.assetcatalog; path = Assets.xcassets; sourceTree = "<group>"; };
		6AC6228D26E9178000DC48E3 /* Base */ = {isa = PBXFileReference; lastKnownFileType = file.storyboard; name = Base; path = Base.lproj/LaunchScreen.storyboard; sourceTree = "<group>"; };
		6AC6228F26E9178000DC48E3 /* Info.plist */ = {isa = PBXFileReference; lastKnownFileType = text.plist.xml; path = Info.plist; sourceTree = "<group>"; };
		6AC6229426E9178000DC48E3 /* MoviesMVVMTests.xctest */ = {isa = PBXFileReference; explicitFileType = wrapper.cfbundle; includeInIndex = 0; path = MoviesMVVMTests.xctest; sourceTree = BUILT_PRODUCTS_DIR; };
		6AC6229826E9178000DC48E3 /* MoviesMVVMTests.swift */ = {isa = PBXFileReference; lastKnownFileType = sourcecode.swift; path = MoviesMVVMTests.swift; sourceTree = "<group>"; };
		6AC6229A26E9178000DC48E3 /* Info.plist */ = {isa = PBXFileReference; lastKnownFileType = text.plist.xml; path = Info.plist; sourceTree = "<group>"; };
		6AC6229F26E9178000DC48E3 /* MoviesMVVMUITests.xctest */ = {isa = PBXFileReference; explicitFileType = wrapper.cfbundle; includeInIndex = 0; path = MoviesMVVMUITests.xctest; sourceTree = BUILT_PRODUCTS_DIR; };
		6AC622A326E9178000DC48E3 /* MoviesMVVMUITests.swift */ = {isa = PBXFileReference; lastKnownFileType = sourcecode.swift; path = MoviesMVVMUITests.swift; sourceTree = "<group>"; };
		6AC622A526E9178000DC48E3 /* Info.plist */ = {isa = PBXFileReference; lastKnownFileType = text.plist.xml; path = Info.plist; sourceTree = "<group>"; };
		6AC622CE26E91E7400DC48E3 /* Model.swift */ = {isa = PBXFileReference; lastKnownFileType = sourcecode.swift; path = Model.swift; sourceTree = "<group>"; };
		6AC622EC26E9205500DC48E3 /* HttpError.swift */ = {isa = PBXFileReference; lastKnownFileType = sourcecode.swift; path = HttpError.swift; sourceTree = "<group>"; };
		6AC622F126E9206700DC48E3 /* Http.swift */ = {isa = PBXFileReference; lastKnownFileType = sourcecode.swift; path = Http.swift; sourceTree = "<group>"; };
		6AC622F626E920E900DC48E3 /* HttpGet.swift */ = {isa = PBXFileReference; lastKnownFileType = sourcecode.swift; path = HttpGet.swift; sourceTree = "<group>"; };
		6AC6230426E9220300DC48E3 /* Constants.swift */ = {isa = PBXFileReference; lastKnownFileType = sourcecode.swift; path = Constants.swift; sourceTree = "<group>"; };
		6AC6230D26E9226F00DC48E3 /* DataExtension.swift */ = {isa = PBXFileReference; lastKnownFileType = sourcecode.swift; path = DataExtension.swift; sourceTree = "<group>"; };
		6AC6231826E934F000DC48E3 /* MainViewModel.swift */ = {isa = PBXFileReference; lastKnownFileType = sourcecode.swift; path = MainViewModel.swift; sourceTree = "<group>"; };
/* End PBXFileReference section */

/* Begin PBXFrameworksBuildPhase section */
		6AC6227826E9177E00DC48E3 /* Frameworks */ = {
			isa = PBXFrameworksBuildPhase;
			buildActionMask = 2147483647;
			files = (
				6AC622E726E9201F00DC48E3 /* Kingfisher in Frameworks */,
				6AC622E126E91F5F00DC48E3 /* Alamofire in Frameworks */,
			);
			runOnlyForDeploymentPostprocessing = 0;
		};
		6AC6229126E9178000DC48E3 /* Frameworks */ = {
			isa = PBXFrameworksBuildPhase;
			buildActionMask = 2147483647;
			files = (
			);
			runOnlyForDeploymentPostprocessing = 0;
		};
		6AC6229C26E9178000DC48E3 /* Frameworks */ = {
			isa = PBXFrameworksBuildPhase;
			buildActionMask = 2147483647;
			files = (
			);
			runOnlyForDeploymentPostprocessing = 0;
		};
/* End PBXFrameworksBuildPhase section */

/* Begin PBXGroup section */
		6A98EE1C26EA252600CA0250 /* Protocol */ = {
			isa = PBXGroup;
			children = (
				6A98EE1D26EA255600CA0250 /* MainProtocol.swift */,
			);
			path = Protocol;
			sourceTree = "<group>";
		};
		6A98EE4C26EA852900CA0250 /* Main */ = {
			isa = PBXGroup;
			children = (
				6AC622CE26E91E7400DC48E3 /* Model.swift */,
				6A98EE3326EA463900CA0250 /* Movies.swift */,
				6A98EE3826EA465300CA0250 /* Result.swift */,
			);
			path = Main;
			sourceTree = "<group>";
		};
		6A98EE4D26EA853200CA0250 /* Detail */ = {
			isa = PBXGroup;
			children = (
				6A98EE4E26EA85A400CA0250 /* Detail.swift */,
				6A98EE5626EA85CA00CA0250 /* Genre.swift */,
			);
			path = Detail;
			sourceTree = "<group>";
		};
		6A98EE5E26EA9C9200CA0250 /* CoreData */ = {
			isa = PBXGroup;
			children = (
				6A98EE5F26EA9CB400CA0250 /* CoreDataStack.swift */,
				6A98EE6726EA9D2100CA0250 /* FavoriteMovie.swift */,
				6A98EE6F26EA9F8300CA0250 /* FavoriteMovie+CoreDataProperties.swift */,
				6A98EE7426EAE32D00CA0250 /* HandleFavoriteMovie.swift */,
			);
			path = CoreData;
			sourceTree = "<group>";
		};
		6AC6227226E9177E00DC48E3 = {
			isa = PBXGroup;
			children = (
				6AC6227D26E9177E00DC48E3 /* MoviesMVVM */,
				6AC6229726E9178000DC48E3 /* MoviesMVVMTests */,
				6AC622A226E9178000DC48E3 /* MoviesMVVMUITests */,
				6AC6227C26E9177E00DC48E3 /* Products */,
			);
			sourceTree = "<group>";
		};
		6AC6227C26E9177E00DC48E3 /* Products */ = {
			isa = PBXGroup;
			children = (
				6AC6227B26E9177E00DC48E3 /* MoviesMVVM.app */,
				6AC6229426E9178000DC48E3 /* MoviesMVVMTests.xctest */,
				6AC6229F26E9178000DC48E3 /* MoviesMVVMUITests.xctest */,
			);
			name = Products;
			sourceTree = "<group>";
		};
		6AC6227D26E9177E00DC48E3 /* MoviesMVVM */ = {
			isa = PBXGroup;
			children = (
				6A98EE5E26EA9C9200CA0250 /* CoreData */,
				6A98EE1C26EA252600CA0250 /* Protocol */,
				6AC6230326E921F600DC48E3 /* Constants */,
				6AC6230C26E9225E00DC48E3 /* Extension */,
				6AC622EB26E9203F00DC48E3 /* Http */,
				6AC622B626E91E0300DC48E3 /* View */,
				6AC622B526E91DFC00DC48E3 /* ViewModel */,
				6AC622B426E91DF600DC48E3 /* Model */,
				6AC6227E26E9177E00DC48E3 /* AppDelegate.swift */,
				6AC6228026E9177E00DC48E3 /* SceneDelegate.swift */,
				6AC6228A26E9178000DC48E3 /* Assets.xcassets */,
				6AC6228F26E9178000DC48E3 /* Info.plist */,
				6AC6228726E9177E00DC48E3 /* MoviesMVVM.xcdatamodeld */,
			);
			path = MoviesMVVM;
			sourceTree = "<group>";
		};
		6AC6229726E9178000DC48E3 /* MoviesMVVMTests */ = {
			isa = PBXGroup;
			children = (
				6AC6229826E9178000DC48E3 /* MoviesMVVMTests.swift */,
				6AC6229A26E9178000DC48E3 /* Info.plist */,
			);
			path = MoviesMVVMTests;
			sourceTree = "<group>";
		};
		6AC622A226E9178000DC48E3 /* MoviesMVVMUITests */ = {
			isa = PBXGroup;
			children = (
				6AC622A326E9178000DC48E3 /* MoviesMVVMUITests.swift */,
				6AC622A526E9178000DC48E3 /* Info.plist */,
			);
			path = MoviesMVVMUITests;
			sourceTree = "<group>";
		};
		6AC622B426E91DF600DC48E3 /* Model */ = {
			isa = PBXGroup;
			children = (
				6A98EE4D26EA853200CA0250 /* Detail */,
				6A98EE4C26EA852900CA0250 /* Main */,
			);
			path = Model;
			sourceTree = "<group>";
		};
		6AC622B526E91DFC00DC48E3 /* ViewModel */ = {
			isa = PBXGroup;
			children = (
				6AC6231826E934F000DC48E3 /* MainViewModel.swift */,
				6A98EE4726EA84D900CA0250 /* DetailViewModel.swift */,
			);
			path = ViewModel;
			sourceTree = "<group>";
		};
		6AC622B626E91E0300DC48E3 /* View */ = {
			isa = PBXGroup;
			children = (
				6AC622FF26E9212B00DC48E3 /* Storyboard */,
				6AC622FE26E9212300DC48E3 /* ViewController */,
			);
			path = View;
			sourceTree = "<group>";
		};
		6AC622EB26E9203F00DC48E3 /* Http */ = {
			isa = PBXGroup;
			children = (
				6AC622FD26E9211300DC48E3 /* Service */,
				6AC622FB26E9210500DC48E3 /* Protocol */,
				6AC622FC26E9210C00DC48E3 /* Error */,
			);
			path = Http;
			sourceTree = "<group>";
		};
		6AC622FB26E9210500DC48E3 /* Protocol */ = {
			isa = PBXGroup;
			children = (
				6AC622F626E920E900DC48E3 /* HttpGet.swift */,
			);
			path = Protocol;
			sourceTree = "<group>";
		};
		6AC622FC26E9210C00DC48E3 /* Error */ = {
			isa = PBXGroup;
			children = (
				6AC622EC26E9205500DC48E3 /* HttpError.swift */,
			);
			path = Error;
			sourceTree = "<group>";
		};
		6AC622FD26E9211300DC48E3 /* Service */ = {
			isa = PBXGroup;
			children = (
				6AC622F126E9206700DC48E3 /* Http.swift */,
			);
			path = Service;
			sourceTree = "<group>";
		};
		6AC622FE26E9212300DC48E3 /* ViewController */ = {
			isa = PBXGroup;
			children = (
				6AC6228226E9177E00DC48E3 /* MainViewController.swift */,
				6A98EE2526EA3AE300CA0250 /* MainCollectionViewCell.swift */,
				6A98EE4226EA847500CA0250 /* DetailViewController.swift */,
			);
			path = ViewController;
			sourceTree = "<group>";
		};
		6AC622FF26E9212B00DC48E3 /* Storyboard */ = {
			isa = PBXGroup;
			children = (
				6AC6228C26E9178000DC48E3 /* LaunchScreen.storyboard */,
				6AC6228426E9177E00DC48E3 /* Main.storyboard */,
				6A98EE3D26EA804300CA0250 /* Detail.storyboard */,
			);
			path = Storyboard;
			sourceTree = "<group>";
		};
		6AC6230326E921F600DC48E3 /* Constants */ = {
			isa = PBXGroup;
			children = (
				6AC6230426E9220300DC48E3 /* Constants.swift */,
			);
			path = Constants;
			sourceTree = "<group>";
		};
		6AC6230C26E9225E00DC48E3 /* Extension */ = {
			isa = PBXGroup;
			children = (
				6AC6230D26E9226F00DC48E3 /* DataExtension.swift */,
			);
			path = Extension;
			sourceTree = "<group>";
		};
/* End PBXGroup section */

/* Begin PBXNativeTarget section */
		6AC6227A26E9177E00DC48E3 /* MoviesMVVM */ = {
			isa = PBXNativeTarget;
			buildConfigurationList = 6AC622A826E9178000DC48E3 /* Build configuration list for PBXNativeTarget "MoviesMVVM" */;
			buildPhases = (
				6AC6227726E9177E00DC48E3 /* Sources */,
				6AC6227826E9177E00DC48E3 /* Frameworks */,
				6AC6227926E9177E00DC48E3 /* Resources */,
			);
			buildRules = (
			);
			dependencies = (
			);
			name = MoviesMVVM;
			packageProductDependencies = (
				6AC622E026E91F5F00DC48E3 /* Alamofire */,
				6AC622E626E9201F00DC48E3 /* Kingfisher */,
			);
			productName = MoviesMVVM;
			productReference = 6AC6227B26E9177E00DC48E3 /* MoviesMVVM.app */;
			productType = "com.apple.product-type.application";
		};
		6AC6229326E9178000DC48E3 /* MoviesMVVMTests */ = {
			isa = PBXNativeTarget;
			buildConfigurationList = 6AC622AB26E9178000DC48E3 /* Build configuration list for PBXNativeTarget "MoviesMVVMTests" */;
			buildPhases = (
				6AC6229026E9178000DC48E3 /* Sources */,
				6AC6229126E9178000DC48E3 /* Frameworks */,
				6AC6229226E9178000DC48E3 /* Resources */,
			);
			buildRules = (
			);
			dependencies = (
				6AC6229626E9178000DC48E3 /* PBXTargetDependency */,
			);
			name = MoviesMVVMTests;
			productName = MoviesMVVMTests;
			productReference = 6AC6229426E9178000DC48E3 /* MoviesMVVMTests.xctest */;
			productType = "com.apple.product-type.bundle.unit-test";
		};
		6AC6229E26E9178000DC48E3 /* MoviesMVVMUITests */ = {
			isa = PBXNativeTarget;
			buildConfigurationList = 6AC622AE26E9178000DC48E3 /* Build configuration list for PBXNativeTarget "MoviesMVVMUITests" */;
			buildPhases = (
				6AC6229B26E9178000DC48E3 /* Sources */,
				6AC6229C26E9178000DC48E3 /* Frameworks */,
				6AC6229D26E9178000DC48E3 /* Resources */,
			);
			buildRules = (
			);
			dependencies = (
				6AC622A126E9178000DC48E3 /* PBXTargetDependency */,
			);
			name = MoviesMVVMUITests;
			productName = MoviesMVVMUITests;
			productReference = 6AC6229F26E9178000DC48E3 /* MoviesMVVMUITests.xctest */;
			productType = "com.apple.product-type.bundle.ui-testing";
		};
/* End PBXNativeTarget section */

/* Begin PBXProject section */
		6AC6227326E9177E00DC48E3 /* Project object */ = {
			isa = PBXProject;
			attributes = {
				LastSwiftUpdateCheck = 1240;
				LastUpgradeCheck = 1240;
				TargetAttributes = {
					6AC6227A26E9177E00DC48E3 = {
						CreatedOnToolsVersion = 12.4;
					};
					6AC6229326E9178000DC48E3 = {
						CreatedOnToolsVersion = 12.4;
						TestTargetID = 6AC6227A26E9177E00DC48E3;
					};
					6AC6229E26E9178000DC48E3 = {
						CreatedOnToolsVersion = 12.4;
						TestTargetID = 6AC6227A26E9177E00DC48E3;
					};
				};
			};
			buildConfigurationList = 6AC6227626E9177E00DC48E3 /* Build configuration list for PBXProject "MoviesMVVM" */;
			compatibilityVersion = "Xcode 9.3";
			developmentRegion = en;
			hasScannedForEncodings = 0;
			knownRegions = (
				en,
				Base,
			);
			mainGroup = 6AC6227226E9177E00DC48E3;
			packageReferences = (
				6AC622DF26E91F5F00DC48E3 /* XCRemoteSwiftPackageReference "Alamofire" */,
				6AC622E526E9201F00DC48E3 /* XCRemoteSwiftPackageReference "Kingfisher" */,
			);
			productRefGroup = 6AC6227C26E9177E00DC48E3 /* Products */;
			projectDirPath = "";
			projectRoot = "";
			targets = (
				6AC6227A26E9177E00DC48E3 /* MoviesMVVM */,
				6AC6229326E9178000DC48E3 /* MoviesMVVMTests */,
				6AC6229E26E9178000DC48E3 /* MoviesMVVMUITests */,
			);
		};
/* End PBXProject section */

/* Begin PBXResourcesBuildPhase section */
		6AC6227926E9177E00DC48E3 /* Resources */ = {
			isa = PBXResourcesBuildPhase;
			buildActionMask = 2147483647;
			files = (
				6AC6228E26E9178000DC48E3 /* LaunchScreen.storyboard in Resources */,
				6AC6228B26E9178000DC48E3 /* Assets.xcassets in Resources */,
				6AC6228626E9177E00DC48E3 /* Main.storyboard in Resources */,
				6A98EE3E26EA804300CA0250 /* Detail.storyboard in Resources */,
			);
			runOnlyForDeploymentPostprocessing = 0;
		};
		6AC6229226E9178000DC48E3 /* Resources */ = {
			isa = PBXResourcesBuildPhase;
			buildActionMask = 2147483647;
			files = (
			);
			runOnlyForDeploymentPostprocessing = 0;
		};
		6AC6229D26E9178000DC48E3 /* Resources */ = {
			isa = PBXResourcesBuildPhase;
			buildActionMask = 2147483647;
			files = (
			);
			runOnlyForDeploymentPostprocessing = 0;
		};
/* End PBXResourcesBuildPhase section */

/* Begin PBXSourcesBuildPhase section */
		6AC6227726E9177E00DC48E3 /* Sources */ = {
			isa = PBXSourcesBuildPhase;
			buildActionMask = 2147483647;
			files = (
				6A98EE4826EA84D900CA0250 /* DetailViewModel.swift in Sources */,
				6A98EE3426EA463900CA0250 /* Movies.swift in Sources */,
				6A98EE4F26EA85A400CA0250 /* Detail.swift in Sources */,
				6AC622F726E920E900DC48E3 /* HttpGet.swift in Sources */,
				6AC622CF26E91E7400DC48E3 /* Model.swift in Sources */,
				6AC622ED26E9205500DC48E3 /* HttpError.swift in Sources */,
				6A98EE1E26EA255600CA0250 /* MainProtocol.swift in Sources */,
				6A98EE5726EA85CA00CA0250 /* Genre.swift in Sources */,
				6A98EE6826EA9D2100CA0250 /* FavoriteMovie.swift in Sources */,
				6A98EE7526EAE32D00CA0250 /* HandleFavoriteMovie.swift in Sources */,
				6A98EE2626EA3AE300CA0250 /* MainCollectionViewCell.swift in Sources */,
				6A98EE3926EA465300CA0250 /* Result.swift in Sources */,
				6A98EE4326EA847500CA0250 /* DetailViewController.swift in Sources */,
				6AC6231926E934F000DC48E3 /* MainViewModel.swift in Sources */,
				6AC622F226E9206700DC48E3 /* Http.swift in Sources */,
				6A98EE7026EA9F8300CA0250 /* FavoriteMovie+CoreDataProperties.swift in Sources */,
				6AC6230526E9220300DC48E3 /* Constants.swift in Sources */,
				6AC6228926E9177E00DC48E3 /* MoviesMVVM.xcdatamodeld in Sources */,
				6A98EE6026EA9CB400CA0250 /* CoreDataStack.swift in Sources */,
				6AC6228326E9177E00DC48E3 /* MainViewController.swift in Sources */,
				6AC6227F26E9177E00DC48E3 /* AppDelegate.swift in Sources */,
				6AC6230E26E9226F00DC48E3 /* DataExtension.swift in Sources */,
				6AC6228126E9177E00DC48E3 /* SceneDelegate.swift in Sources */,
			);
			runOnlyForDeploymentPostprocessing = 0;
		};
		6AC6229026E9178000DC48E3 /* Sources */ = {
			isa = PBXSourcesBuildPhase;
			buildActionMask = 2147483647;
			files = (
				6AC6229926E9178000DC48E3 /* MoviesMVVMTests.swift in Sources */,
			);
			runOnlyForDeploymentPostprocessing = 0;
		};
		6AC6229B26E9178000DC48E3 /* Sources */ = {
			isa = PBXSourcesBuildPhase;
			buildActionMask = 2147483647;
			files = (
				6AC622A426E9178000DC48E3 /* MoviesMVVMUITests.swift in Sources */,
			);
			runOnlyForDeploymentPostprocessing = 0;
		};
/* End PBXSourcesBuildPhase section */

/* Begin PBXTargetDependency section */
		6AC6229626E9178000DC48E3 /* PBXTargetDependency */ = {
			isa = PBXTargetDependency;
			target = 6AC6227A26E9177E00DC48E3 /* MoviesMVVM */;
			targetProxy = 6AC6229526E9178000DC48E3 /* PBXContainerItemProxy */;
		};
		6AC622A126E9178000DC48E3 /* PBXTargetDependency */ = {
			isa = PBXTargetDependency;
			target = 6AC6227A26E9177E00DC48E3 /* MoviesMVVM */;
			targetProxy = 6AC622A026E9178000DC48E3 /* PBXContainerItemProxy */;
		};
/* End PBXTargetDependency section */

/* Begin PBXVariantGroup section */
		6AC6228426E9177E00DC48E3 /* Main.storyboard */ = {
			isa = PBXVariantGroup;
			children = (
				6AC6228526E9177E00DC48E3 /* Base */,
			);
			name = Main.storyboard;
			sourceTree = "<group>";
		};
		6AC6228C26E9178000DC48E3 /* LaunchScreen.storyboard */ = {
			isa = PBXVariantGroup;
			children = (
				6AC6228D26E9178000DC48E3 /* Base */,
			);
			name = LaunchScreen.storyboard;
			sourceTree = "<group>";
		};
/* End PBXVariantGroup section */

/* Begin XCBuildConfiguration section */
		6AC622A626E9178000DC48E3 /* Debug */ = {
			isa = XCBuildConfiguration;
			buildSettings = {
				ALWAYS_SEARCH_USER_PATHS = NO;
				CLANG_ANALYZER_NONNULL = YES;
				CLANG_ANALYZER_NUMBER_OBJECT_CONVERSION = YES_AGGRESSIVE;
				CLANG_CXX_LANGUAGE_STANDARD = "gnu++14";
				CLANG_CXX_LIBRARY = "libc++";
				CLANG_ENABLE_MODULES = YES;
				CLANG_ENABLE_OBJC_ARC = YES;
				CLANG_ENABLE_OBJC_WEAK = YES;
				CLANG_WARN_BLOCK_CAPTURE_AUTORELEASING = YES;
				CLANG_WARN_BOOL_CONVERSION = YES;
				CLANG_WARN_COMMA = YES;
				CLANG_WARN_CONSTANT_CONVERSION = YES;
				CLANG_WARN_DEPRECATED_OBJC_IMPLEMENTATIONS = YES;
				CLANG_WARN_DIRECT_OBJC_ISA_USAGE = YES_ERROR;
				CLANG_WARN_DOCUMENTATION_COMMENTS = YES;
				CLANG_WARN_EMPTY_BODY = YES;
				CLANG_WARN_ENUM_CONVERSION = YES;
				CLANG_WARN_INFINITE_RECURSION = YES;
				CLANG_WARN_INT_CONVERSION = YES;
				CLANG_WARN_NON_LITERAL_NULL_CONVERSION = YES;
				CLANG_WARN_OBJC_IMPLICIT_RETAIN_SELF = YES;
				CLANG_WARN_OBJC_LITERAL_CONVERSION = YES;
				CLANG_WARN_OBJC_ROOT_CLASS = YES_ERROR;
				CLANG_WARN_QUOTED_INCLUDE_IN_FRAMEWORK_HEADER = YES;
				CLANG_WARN_RANGE_LOOP_ANALYSIS = YES;
				CLANG_WARN_STRICT_PROTOTYPES = YES;
				CLANG_WARN_SUSPICIOUS_MOVE = YES;
				CLANG_WARN_UNGUARDED_AVAILABILITY = YES_AGGRESSIVE;
				CLANG_WARN_UNREACHABLE_CODE = YES;
				CLANG_WARN__DUPLICATE_METHOD_MATCH = YES;
				COPY_PHASE_STRIP = NO;
				DEBUG_INFORMATION_FORMAT = dwarf;
				ENABLE_STRICT_OBJC_MSGSEND = YES;
				ENABLE_TESTABILITY = YES;
				GCC_C_LANGUAGE_STANDARD = gnu11;
				GCC_DYNAMIC_NO_PIC = NO;
				GCC_NO_COMMON_BLOCKS = YES;
				GCC_OPTIMIZATION_LEVEL = 0;
				GCC_PREPROCESSOR_DEFINITIONS = (
					"DEBUG=1",
					"$(inherited)",
				);
				GCC_WARN_64_TO_32_BIT_CONVERSION = YES;
				GCC_WARN_ABOUT_RETURN_TYPE = YES_ERROR;
				GCC_WARN_UNDECLARED_SELECTOR = YES;
				GCC_WARN_UNINITIALIZED_AUTOS = YES_AGGRESSIVE;
				GCC_WARN_UNUSED_FUNCTION = YES;
				GCC_WARN_UNUSED_VARIABLE = YES;
				IPHONEOS_DEPLOYMENT_TARGET = 14.4;
				MTL_ENABLE_DEBUG_INFO = INCLUDE_SOURCE;
				MTL_FAST_MATH = YES;
				ONLY_ACTIVE_ARCH = YES;
				SDKROOT = iphoneos;
				SWIFT_ACTIVE_COMPILATION_CONDITIONS = DEBUG;
				SWIFT_OPTIMIZATION_LEVEL = "-Onone";
			};
			name = Debug;
		};
		6AC622A726E9178000DC48E3 /* Release */ = {
			isa = XCBuildConfiguration;
			buildSettings = {
				ALWAYS_SEARCH_USER_PATHS = NO;
				CLANG_ANALYZER_NONNULL = YES;
				CLANG_ANALYZER_NUMBER_OBJECT_CONVERSION = YES_AGGRESSIVE;
				CLANG_CXX_LANGUAGE_STANDARD = "gnu++14";
				CLANG_CXX_LIBRARY = "libc++";
				CLANG_ENABLE_MODULES = YES;
				CLANG_ENABLE_OBJC_ARC = YES;
				CLANG_ENABLE_OBJC_WEAK = YES;
				CLANG_WARN_BLOCK_CAPTURE_AUTORELEASING = YES;
				CLANG_WARN_BOOL_CONVERSION = YES;
				CLANG_WARN_COMMA = YES;
				CLANG_WARN_CONSTANT_CONVERSION = YES;
				CLANG_WARN_DEPRECATED_OBJC_IMPLEMENTATIONS = YES;
				CLANG_WARN_DIRECT_OBJC_ISA_USAGE = YES_ERROR;
				CLANG_WARN_DOCUMENTATION_COMMENTS = YES;
				CLANG_WARN_EMPTY_BODY = YES;
				CLANG_WARN_ENUM_CONVERSION = YES;
				CLANG_WARN_INFINITE_RECURSION = YES;
				CLANG_WARN_INT_CONVERSION = YES;
				CLANG_WARN_NON_LITERAL_NULL_CONVERSION = YES;
				CLANG_WARN_OBJC_IMPLICIT_RETAIN_SELF = YES;
				CLANG_WARN_OBJC_LITERAL_CONVERSION = YES;
				CLANG_WARN_OBJC_ROOT_CLASS = YES_ERROR;
				CLANG_WARN_QUOTED_INCLUDE_IN_FRAMEWORK_HEADER = YES;
				CLANG_WARN_RANGE_LOOP_ANALYSIS = YES;
				CLANG_WARN_STRICT_PROTOTYPES = YES;
				CLANG_WARN_SUSPICIOUS_MOVE = YES;
				CLANG_WARN_UNGUARDED_AVAILABILITY = YES_AGGRESSIVE;
				CLANG_WARN_UNREACHABLE_CODE = YES;
				CLANG_WARN__DUPLICATE_METHOD_MATCH = YES;
				COPY_PHASE_STRIP = NO;
				DEBUG_INFORMATION_FORMAT = "dwarf-with-dsym";
				ENABLE_NS_ASSERTIONS = NO;
				ENABLE_STRICT_OBJC_MSGSEND = YES;
				GCC_C_LANGUAGE_STANDARD = gnu11;
				GCC_NO_COMMON_BLOCKS = YES;
				GCC_WARN_64_TO_32_BIT_CONVERSION = YES;
				GCC_WARN_ABOUT_RETURN_TYPE = YES_ERROR;
				GCC_WARN_UNDECLARED_SELECTOR = YES;
				GCC_WARN_UNINITIALIZED_AUTOS = YES_AGGRESSIVE;
				GCC_WARN_UNUSED_FUNCTION = YES;
				GCC_WARN_UNUSED_VARIABLE = YES;
				IPHONEOS_DEPLOYMENT_TARGET = 14.4;
				MTL_ENABLE_DEBUG_INFO = NO;
				MTL_FAST_MATH = YES;
				SDKROOT = iphoneos;
				SWIFT_COMPILATION_MODE = wholemodule;
				SWIFT_OPTIMIZATION_LEVEL = "-O";
				VALIDATE_PRODUCT = YES;
			};
			name = Release;
		};
		6AC622A926E9178000DC48E3 /* Debug */ = {
			isa = XCBuildConfiguration;
			buildSettings = {
				ASSETCATALOG_COMPILER_APPICON_NAME = AppIcon;
				ASSETCATALOG_COMPILER_GLOBAL_ACCENT_COLOR_NAME = AccentColor;
				CODE_SIGN_STYLE = Automatic;
				DEVELOPMENT_TEAM = 5KRGYLJC7Z;
				INFOPLIST_FILE = MoviesMVVM/Info.plist;
				LD_RUNPATH_SEARCH_PATHS = (
					"$(inherited)",
					"@executable_path/Frameworks",
				);
				PRODUCT_BUNDLE_IDENTIFIER = com.lucas.MoviesMVVM;
				PRODUCT_NAME = "$(TARGET_NAME)";
				SWIFT_VERSION = 5.0;
				TARGETED_DEVICE_FAMILY = "1,2";
			};
			name = Debug;
		};
		6AC622AA26E9178000DC48E3 /* Release */ = {
			isa = XCBuildConfiguration;
			buildSettings = {
				ASSETCATALOG_COMPILER_APPICON_NAME = AppIcon;
				ASSETCATALOG_COMPILER_GLOBAL_ACCENT_COLOR_NAME = AccentColor;
				CODE_SIGN_STYLE = Automatic;
				DEVELOPMENT_TEAM = 5KRGYLJC7Z;
				INFOPLIST_FILE = MoviesMVVM/Info.plist;
				LD_RUNPATH_SEARCH_PATHS = (
					"$(inherited)",
					"@executable_path/Frameworks",
				);
				PRODUCT_BUNDLE_IDENTIFIER = com.lucas.MoviesMVVM;
				PRODUCT_NAME = "$(TARGET_NAME)";
				SWIFT_VERSION = 5.0;
				TARGETED_DEVICE_FAMILY = "1,2";
			};
			name = Release;
		};
		6AC622AC26E9178000DC48E3 /* Debug */ = {
			isa = XCBuildConfiguration;
			buildSettings = {
				ALWAYS_EMBED_SWIFT_STANDARD_LIBRARIES = YES;
				BUNDLE_LOADER = "$(TEST_HOST)";
				CODE_SIGN_STYLE = Automatic;
				DEVELOPMENT_TEAM = 5KRGYLJC7Z;
				INFOPLIST_FILE = MoviesMVVMTests/Info.plist;
				IPHONEOS_DEPLOYMENT_TARGET = 14.4;
				LD_RUNPATH_SEARCH_PATHS = (
					"$(inherited)",
					"@executable_path/Frameworks",
					"@loader_path/Frameworks",
				);
				PRODUCT_BUNDLE_IDENTIFIER = com.lucas.MoviesMVVMTests;
				PRODUCT_NAME = "$(TARGET_NAME)";
				SWIFT_VERSION = 5.0;
				TARGETED_DEVICE_FAMILY = "1,2";
				TEST_HOST = "$(BUILT_PRODUCTS_DIR)/MoviesMVVM.app/MoviesMVVM";
			};
			name = Debug;
		};
		6AC622AD26E9178000DC48E3 /* Release */ = {
			isa = XCBuildConfiguration;
			buildSettings = {
				ALWAYS_EMBED_SWIFT_STANDARD_LIBRARIES = YES;
				BUNDLE_LOADER = "$(TEST_HOST)";
				CODE_SIGN_STYLE = Automatic;
				DEVELOPMENT_TEAM = 5KRGYLJC7Z;
				INFOPLIST_FILE = MoviesMVVMTests/Info.plist;
				IPHONEOS_DEPLOYMENT_TARGET = 14.4;
				LD_RUNPATH_SEARCH_PATHS = (
					"$(inherited)",
					"@executable_path/Frameworks",
					"@loader_path/Frameworks",
				);
				PRODUCT_BUNDLE_IDENTIFIER = com.lucas.MoviesMVVMTests;
				PRODUCT_NAME = "$(TARGET_NAME)";
				SWIFT_VERSION = 5.0;
				TARGETED_DEVICE_FAMILY = "1,2";
				TEST_HOST = "$(BUILT_PRODUCTS_DIR)/MoviesMVVM.app/MoviesMVVM";
			};
			name = Release;
		};
		6AC622AF26E9178000DC48E3 /* Debug */ = {
			isa = XCBuildConfiguration;
			buildSettings = {
				ALWAYS_EMBED_SWIFT_STANDARD_LIBRARIES = YES;
				CODE_SIGN_STYLE = Automatic;
				DEVELOPMENT_TEAM = 5KRGYLJC7Z;
				INFOPLIST_FILE = MoviesMVVMUITests/Info.plist;
				LD_RUNPATH_SEARCH_PATHS = (
					"$(inherited)",
					"@executable_path/Frameworks",
					"@loader_path/Frameworks",
				);
				PRODUCT_BUNDLE_IDENTIFIER = com.lucas.MoviesMVVMUITests;
				PRODUCT_NAME = "$(TARGET_NAME)";
				SWIFT_VERSION = 5.0;
				TARGETED_DEVICE_FAMILY = "1,2";
				TEST_TARGET_NAME = MoviesMVVM;
			};
			name = Debug;
		};
		6AC622B026E9178000DC48E3 /* Release */ = {
			isa = XCBuildConfiguration;
			buildSettings = {
				ALWAYS_EMBED_SWIFT_STANDARD_LIBRARIES = YES;
				CODE_SIGN_STYLE = Automatic;
				DEVELOPMENT_TEAM = 5KRGYLJC7Z;
				INFOPLIST_FILE = MoviesMVVMUITests/Info.plist;
				LD_RUNPATH_SEARCH_PATHS = (
					"$(inherited)",
					"@executable_path/Frameworks",
					"@loader_path/Frameworks",
				);
				PRODUCT_BUNDLE_IDENTIFIER = com.lucas.MoviesMVVMUITests;
				PRODUCT_NAME = "$(TARGET_NAME)";
				SWIFT_VERSION = 5.0;
				TARGETED_DEVICE_FAMILY = "1,2";
				TEST_TARGET_NAME = MoviesMVVM;
			};
			name = Release;
		};
/* End XCBuildConfiguration section */

/* Begin XCConfigurationList section */
		6AC6227626E9177E00DC48E3 /* Build configuration list for PBXProject "MoviesMVVM" */ = {
			isa = XCConfigurationList;
			buildConfigurations = (
				6AC622A626E9178000DC48E3 /* Debug */,
				6AC622A726E9178000DC48E3 /* Release */,
			);
			defaultConfigurationIsVisible = 0;
			defaultConfigurationName = Release;
		};
		6AC622A826E9178000DC48E3 /* Build configuration list for PBXNativeTarget "MoviesMVVM" */ = {
			isa = XCConfigurationList;
			buildConfigurations = (
				6AC622A926E9178000DC48E3 /* Debug */,
				6AC622AA26E9178000DC48E3 /* Release */,
			);
			defaultConfigurationIsVisible = 0;
			defaultConfigurationName = Release;
		};
		6AC622AB26E9178000DC48E3 /* Build configuration list for PBXNativeTarget "MoviesMVVMTests" */ = {
			isa = XCConfigurationList;
			buildConfigurations = (
				6AC622AC26E9178000DC48E3 /* Debug */,
				6AC622AD26E9178000DC48E3 /* Release */,
			);
			defaultConfigurationIsVisible = 0;
			defaultConfigurationName = Release;
		};
		6AC622AE26E9178000DC48E3 /* Build configuration list for PBXNativeTarget "MoviesMVVMUITests" */ = {
			isa = XCConfigurationList;
			buildConfigurations = (
				6AC622AF26E9178000DC48E3 /* Debug */,
				6AC622B026E9178000DC48E3 /* Release */,
			);
			defaultConfigurationIsVisible = 0;
			defaultConfigurationName = Release;
		};
/* End XCConfigurationList section */

/* Begin XCRemoteSwiftPackageReference section */
		6AC622DF26E91F5F00DC48E3 /* XCRemoteSwiftPackageReference "Alamofire" */ = {
			isa = XCRemoteSwiftPackageReference;
			repositoryURL = "https://github.com/Alamofire/Alamofire";
			requirement = {
				kind = upToNextMajorVersion;
				minimumVersion = 5.4.3;
			};
		};
		6AC622E526E9201F00DC48E3 /* XCRemoteSwiftPackageReference "Kingfisher" */ = {
			isa = XCRemoteSwiftPackageReference;
			repositoryURL = "https://github.com/onevcat/Kingfisher";
			requirement = {
				kind = upToNextMajorVersion;
				minimumVersion = 6.3.1;
			};
		};
/* End XCRemoteSwiftPackageReference section */

/* Begin XCSwiftPackageProductDependency section */
		6AC622E026E91F5F00DC48E3 /* Alamofire */ = {
			isa = XCSwiftPackageProductDependency;
			package = 6AC622DF26E91F5F00DC48E3 /* XCRemoteSwiftPackageReference "Alamofire" */;
			productName = Alamofire;
		};
		6AC622E626E9201F00DC48E3 /* Kingfisher */ = {
			isa = XCSwiftPackageProductDependency;
			package = 6AC622E526E9201F00DC48E3 /* XCRemoteSwiftPackageReference "Kingfisher" */;
			productName = Kingfisher;
		};
/* End XCSwiftPackageProductDependency section */

/* Begin XCVersionGroup section */
		6AC6228726E9177E00DC48E3 /* MoviesMVVM.xcdatamodeld */ = {
			isa = XCVersionGroup;
			children = (
				6AC6228826E9177E00DC48E3 /* MoviesMVVM.xcdatamodel */,
			);
			currentVersion = 6AC6228826E9177E00DC48E3 /* MoviesMVVM.xcdatamodel */;
			path = MoviesMVVM.xcdatamodeld;
			sourceTree = "<group>";
			versionGroupType = wrapper.xcdatamodel;
		};
/* End XCVersionGroup section */
	};
	rootObject = 6AC6227326E9177E00DC48E3 /* Project object */;
}
